// !$*UTF8*$!
{
	archiveVersion = 1;
	classes = {
	};
	objectVersion = 51;
	objects = {

/* Begin PBXBuildFile section */
		0511669223FFF7DE0024B9B7 /* Login.storyboard in Resources */ = {isa = PBXBuildFile; fileRef = 0511669123FFF7DE0024B9B7 /* Login.storyboard */; };
		0511669623FFF8780024B9B7 /* LoginViewController.swift in Sources */ = {isa = PBXBuildFile; fileRef = 0511669523FFF8780024B9B7 /* LoginViewController.swift */; };
		0511669A23FFFA380024B9B7 /* PointsListViewController.swift in Sources */ = {isa = PBXBuildFile; fileRef = 0511669923FFFA380024B9B7 /* PointsListViewController.swift */; };
		0511669C23FFFA480024B9B7 /* MapViewController.swift in Sources */ = {isa = PBXBuildFile; fileRef = 0511669B23FFFA480024B9B7 /* MapViewController.swift */; };
		0511669E23FFFA580024B9B7 /* ProfileViewController.swift in Sources */ = {isa = PBXBuildFile; fileRef = 0511669D23FFFA580024B9B7 /* ProfileViewController.swift */; };
		051166A123FFFA8D0024B9B7 /* Tabbar.storyboard in Resources */ = {isa = PBXBuildFile; fileRef = 051166A023FFFA8D0024B9B7 /* Tabbar.storyboard */; };
		051166AA240001190024B9B7 /* StoryboardableTests.swift in Sources */ = {isa = PBXBuildFile; fileRef = 051166A9240001190024B9B7 /* StoryboardableTests.swift */; };
		051166B2240002360024B9B7 /* TabbarVC.swift in Sources */ = {isa = PBXBuildFile; fileRef = 051166B1240002360024B9B7 /* TabbarVC.swift */; };
		051166B4240008F10024B9B7 /* AuthorizationManager.swift in Sources */ = {isa = PBXBuildFile; fileRef = 051166B3240008F10024B9B7 /* AuthorizationManager.swift */; };
		05AA5D152403DA1500D00EE5 /* LICENSE in Resources */ = {isa = PBXBuildFile; fileRef = 05AA5CCC2403DA1500D00EE5 /* LICENSE */; };
		05AA5D162403DA1500D00EE5 /* README.md in Resources */ = {isa = PBXBuildFile; fileRef = 05AA5CCD2403DA1500D00EE5 /* README.md */; };
		05AA5D172403DA1500D00EE5 /* GMUClusterManager.m in Sources */ = {isa = PBXBuildFile; fileRef = 05AA5CD02403DA1500D00EE5 /* GMUClusterManager.m */; };
		05AA5D182403DA1500D00EE5 /* GMUGridBasedClusterAlgorithm.m in Sources */ = {isa = PBXBuildFile; fileRef = 05AA5CD42403DA1500D00EE5 /* GMUGridBasedClusterAlgorithm.m */; };
		05AA5D192403DA1500D00EE5 /* GMUWrappingDictionaryKey.m in Sources */ = {isa = PBXBuildFile; fileRef = 05AA5CD72403DA1500D00EE5 /* GMUWrappingDictionaryKey.m */; };
		05AA5D1A2403DA1500D00EE5 /* GMUSimpleClusterAlgorithm.m in Sources */ = {isa = PBXBuildFile; fileRef = 05AA5CD82403DA1500D00EE5 /* GMUSimpleClusterAlgorithm.m */; };
		05AA5D1B2403DA1500D00EE5 /* GMUNonHierarchicalDistanceBasedAlgorithm.m in Sources */ = {isa = PBXBuildFile; fileRef = 05AA5CDA2403DA1500D00EE5 /* GMUNonHierarchicalDistanceBasedAlgorithm.m */; };
		05AA5D1C2403DA1500D00EE5 /* GMUDefaultClusterRenderer.m in Sources */ = {isa = PBXBuildFile; fileRef = 05AA5CE32403DA1500D00EE5 /* GMUDefaultClusterRenderer.m */; };
		05AA5D1D2403DA1500D00EE5 /* GMUDefaultClusterIconGenerator.m in Sources */ = {isa = PBXBuildFile; fileRef = 05AA5CE52403DA1500D00EE5 /* GMUDefaultClusterIconGenerator.m */; };
		05AA5D1E2403DA1500D00EE5 /* GMUStaticCluster.m in Sources */ = {isa = PBXBuildFile; fileRef = 05AA5CE82403DA1500D00EE5 /* GMUStaticCluster.m */; };
		05AA5D1F2403DA1500D00EE5 /* GMUWeightedLatLng.m in Sources */ = {isa = PBXBuildFile; fileRef = 05AA5CED2403DA1500D00EE5 /* GMUWeightedLatLng.m */; };
		05AA5D202403DA1500D00EE5 /* GMUGradient.m in Sources */ = {isa = PBXBuildFile; fileRef = 05AA5CF02403DA1500D00EE5 /* GMUGradient.m */; };
		05AA5D212403DA1500D00EE5 /* GMUHeatmapTileLayer.m in Sources */ = {isa = PBXBuildFile; fileRef = 05AA5CF12403DA1500D00EE5 /* GMUHeatmapTileLayer.m */; };
		05AA5D222403DA1500D00EE5 /* GMUKMLParser.m in Sources */ = {isa = PBXBuildFile; fileRef = 05AA5CF32403DA1500D00EE5 /* GMUKMLParser.m */; };
		05AA5D232403DA1500D00EE5 /* GMUGeometryRenderer.m in Sources */ = {isa = PBXBuildFile; fileRef = 05AA5CF42403DA1500D00EE5 /* GMUGeometryRenderer.m */; };
		05AA5D242403DA1500D00EE5 /* GMUGeometryCollection.m in Sources */ = {isa = PBXBuildFile; fileRef = 05AA5CF72403DA1500D00EE5 /* GMUGeometryCollection.m */; };
		05AA5D252403DA1500D00EE5 /* GMUPlacemark.m in Sources */ = {isa = PBXBuildFile; fileRef = 05AA5CFA2403DA1500D00EE5 /* GMUPlacemark.m */; };
		05AA5D262403DA1500D00EE5 /* GMUPolygon.m in Sources */ = {isa = PBXBuildFile; fileRef = 05AA5CFB2403DA1500D00EE5 /* GMUPolygon.m */; };
		05AA5D272403DA1500D00EE5 /* GMUFeature.m in Sources */ = {isa = PBXBuildFile; fileRef = 05AA5CFD2403DA1500D00EE5 /* GMUFeature.m */; };
		05AA5D282403DA1500D00EE5 /* GMUGroundOverlay.m in Sources */ = {isa = PBXBuildFile; fileRef = 05AA5CFF2403DA1500D00EE5 /* GMUGroundOverlay.m */; };
		05AA5D292403DA1500D00EE5 /* GMUStyle.m in Sources */ = {isa = PBXBuildFile; fileRef = 05AA5D002403DA1500D00EE5 /* GMUStyle.m */; };
		05AA5D2A2403DA1500D00EE5 /* GMUPoint.m in Sources */ = {isa = PBXBuildFile; fileRef = 05AA5D012403DA1500D00EE5 /* GMUPoint.m */; };
		05AA5D2B2403DA1500D00EE5 /* GMULineString.m in Sources */ = {isa = PBXBuildFile; fileRef = 05AA5D072403DA1500D00EE5 /* GMULineString.m */; };
		05AA5D2C2403DA1500D00EE5 /* GMUGeoJSONParser.m in Sources */ = {isa = PBXBuildFile; fileRef = 05AA5D0B2403DA1500D00EE5 /* GMUGeoJSONParser.m */; };
		05AA5D2D2403DA1500D00EE5 /* GQTPointQuadTree.m in Sources */ = {isa = PBXBuildFile; fileRef = 05AA5D0E2403DA1500D00EE5 /* GQTPointQuadTree.m */; };
		05AA5D2E2403DA1500D00EE5 /* GQTPointQuadTreeChild.m in Sources */ = {isa = PBXBuildFile; fileRef = 05AA5D102403DA1500D00EE5 /* GQTPointQuadTreeChild.m */; };
		05AA5D322403F01A00D00EE5 /* MapViewModel.swift in Sources */ = {isa = PBXBuildFile; fileRef = 05AA5D312403F01A00D00EE5 /* MapViewModel.swift */; };
		05CB8C2A23FFD61900A6C28E /* AppDelegate.swift in Sources */ = {isa = PBXBuildFile; fileRef = 05CB8C2923FFD61900A6C28E /* AppDelegate.swift */; };
		05CB8C2C23FFD61900A6C28E /* SceneDelegate.swift in Sources */ = {isa = PBXBuildFile; fileRef = 05CB8C2B23FFD61900A6C28E /* SceneDelegate.swift */; };
		05CB8C3523FFD61C00A6C28E /* Assets.xcassets in Resources */ = {isa = PBXBuildFile; fileRef = 05CB8C3423FFD61C00A6C28E /* Assets.xcassets */; };
		05CB8C3823FFD61C00A6C28E /* LaunchScreen.storyboard in Resources */ = {isa = PBXBuildFile; fileRef = 05CB8C3623FFD61C00A6C28E /* LaunchScreen.storyboard */; };
		05CB8C4B23FFDF7B00A6C28E /* Storyboardable.swift in Sources */ = {isa = PBXBuildFile; fileRef = 05CB8C4A23FFDF7B00A6C28E /* Storyboardable.swift */; };
		05CB8C4D23FFDFA100A6C28E /* PrintExtensions.swift in Sources */ = {isa = PBXBuildFile; fileRef = 05CB8C4C23FFDFA100A6C28E /* PrintExtensions.swift */; };
		05CB8C4F23FFE03B00A6C28E /* Array.swift in Sources */ = {isa = PBXBuildFile; fileRef = 05CB8C4E23FFE03B00A6C28E /* Array.swift */; };
		05CB8C5223FFE04B00A6C28E /* UIView+Layers.swift in Sources */ = {isa = PBXBuildFile; fileRef = 05CB8C5023FFE04A00A6C28E /* UIView+Layers.swift */; };
		05CB8C5323FFE04B00A6C28E /* UITableView+Methods.swift in Sources */ = {isa = PBXBuildFile; fileRef = 05CB8C5123FFE04A00A6C28E /* UITableView+Methods.swift */; };
		05CB8C5523FFE08200A6C28E /* ReusableCell.swift in Sources */ = {isa = PBXBuildFile; fileRef = 05CB8C5423FFE08200A6C28E /* ReusableCell.swift */; };
		05CB8C5823FFE31A00A6C28E /* AppCoordinator.swift in Sources */ = {isa = PBXBuildFile; fileRef = 05CB8C5723FFE31A00A6C28E /* AppCoordinator.swift */; };
		05D7E24824003D5400F5A6AA /* GoogleService-Info.plist in Resources */ = {isa = PBXBuildFile; fileRef = 05D7E24724003D5400F5A6AA /* GoogleService-Info.plist */; };
		05D7E24A2402D5B600F5A6AA /* Place.swift in Sources */ = {isa = PBXBuildFile; fileRef = 05D7E2492402D5B600F5A6AA /* Place.swift */; };
		05E1269B2403158C00F4084F /* PlaceCell.swift in Sources */ = {isa = PBXBuildFile; fileRef = 05E126992403158C00F4084F /* PlaceCell.swift */; };
		05E1269C2403158C00F4084F /* PlaceCell.xib in Resources */ = {isa = PBXBuildFile; fileRef = 05E1269A2403158C00F4084F /* PlaceCell.xib */; };
		05E6AB64240307C100889EA8 /* PointsListViewModel.swift in Sources */ = {isa = PBXBuildFile; fileRef = 05E6AB63240307C100889EA8 /* PointsListViewModel.swift */; };
		05E6AB66240310D500889EA8 /* AlertsManager.swift in Sources */ = {isa = PBXBuildFile; fileRef = 05E6AB65240310D500889EA8 /* AlertsManager.swift */; };
		478D3A6BF7C4616C8203D1BA /* libPods-GoogleSignInTest.a in Frameworks */ = {isa = PBXBuildFile; fileRef = 2F77B908BCE61226948C002B /* libPods-GoogleSignInTest.a */; };
/* End PBXBuildFile section */

/* Begin PBXContainerItemProxy section */
		051166AC240001190024B9B7 /* PBXContainerItemProxy */ = {
			isa = PBXContainerItemProxy;
			containerPortal = 05CB8C1E23FFD61900A6C28E /* Project object */;
			proxyType = 1;
			remoteGlobalIDString = 05CB8C2523FFD61900A6C28E;
			remoteInfo = GoogleSignInTest;
		};
/* End PBXContainerItemProxy section */

/* Begin PBXFileReference section */
		0511669123FFF7DE0024B9B7 /* Login.storyboard */ = {isa = PBXFileReference; lastKnownFileType = file.storyboard; path = Login.storyboard; sourceTree = "<group>"; };
		0511669523FFF8780024B9B7 /* LoginViewController.swift */ = {isa = PBXFileReference; lastKnownFileType = sourcecode.swift; path = LoginViewController.swift; sourceTree = "<group>"; };
		0511669923FFFA380024B9B7 /* PointsListViewController.swift */ = {isa = PBXFileReference; lastKnownFileType = sourcecode.swift; path = PointsListViewController.swift; sourceTree = "<group>"; };
		0511669B23FFFA480024B9B7 /* MapViewController.swift */ = {isa = PBXFileReference; lastKnownFileType = sourcecode.swift; path = MapViewController.swift; sourceTree = "<group>"; };
		0511669D23FFFA580024B9B7 /* ProfileViewController.swift */ = {isa = PBXFileReference; lastKnownFileType = sourcecode.swift; path = ProfileViewController.swift; sourceTree = "<group>"; };
		051166A023FFFA8D0024B9B7 /* Tabbar.storyboard */ = {isa = PBXFileReference; lastKnownFileType = file.storyboard; path = Tabbar.storyboard; sourceTree = "<group>"; };
		051166A7240001190024B9B7 /* UnitTests.xctest */ = {isa = PBXFileReference; explicitFileType = wrapper.cfbundle; includeInIndex = 0; path = UnitTests.xctest; sourceTree = BUILT_PRODUCTS_DIR; };
		051166A9240001190024B9B7 /* StoryboardableTests.swift */ = {isa = PBXFileReference; lastKnownFileType = sourcecode.swift; path = StoryboardableTests.swift; sourceTree = "<group>"; };
		051166AB240001190024B9B7 /* Info.plist */ = {isa = PBXFileReference; lastKnownFileType = text.plist.xml; path = Info.plist; sourceTree = "<group>"; };
		051166B1240002360024B9B7 /* TabbarVC.swift */ = {isa = PBXFileReference; lastKnownFileType = sourcecode.swift; path = TabbarVC.swift; sourceTree = "<group>"; };
		051166B3240008F10024B9B7 /* AuthorizationManager.swift */ = {isa = PBXFileReference; lastKnownFileType = sourcecode.swift; path = AuthorizationManager.swift; sourceTree = "<group>"; };
		05AA5CCC2403DA1500D00EE5 /* LICENSE */ = {isa = PBXFileReference; fileEncoding = 4; lastKnownFileType = text; path = LICENSE; sourceTree = "<group>"; };
		05AA5CCD2403DA1500D00EE5 /* README.md */ = {isa = PBXFileReference; fileEncoding = 4; lastKnownFileType = net.daringfireball.markdown; path = README.md; sourceTree = "<group>"; };
		05AA5CD02403DA1500D00EE5 /* GMUClusterManager.m */ = {isa = PBXFileReference; fileEncoding = 4; lastKnownFileType = sourcecode.c.objc; path = GMUClusterManager.m; sourceTree = "<group>"; };
		05AA5CD12403DA1500D00EE5 /* GMUStaticCluster.h */ = {isa = PBXFileReference; fileEncoding = 4; lastKnownFileType = sourcecode.c.h; path = GMUStaticCluster.h; sourceTree = "<group>"; };
		05AA5CD22403DA1500D00EE5 /* GMUMarkerClustering.h */ = {isa = PBXFileReference; fileEncoding = 4; lastKnownFileType = sourcecode.c.h; path = GMUMarkerClustering.h; sourceTree = "<group>"; };
		05AA5CD42403DA1500D00EE5 /* GMUGridBasedClusterAlgorithm.m */ = {isa = PBXFileReference; fileEncoding = 4; lastKnownFileType = sourcecode.c.objc; path = GMUGridBasedClusterAlgorithm.m; sourceTree = "<group>"; };
		05AA5CD52403DA1500D00EE5 /* GMUClusterAlgorithm.h */ = {isa = PBXFileReference; fileEncoding = 4; lastKnownFileType = sourcecode.c.h; path = GMUClusterAlgorithm.h; sourceTree = "<group>"; };
		05AA5CD62403DA1500D00EE5 /* GMUNonHierarchicalDistanceBasedAlgorithm.h */ = {isa = PBXFileReference; fileEncoding = 4; lastKnownFileType = sourcecode.c.h; path = GMUNonHierarchicalDistanceBasedAlgorithm.h; sourceTree = "<group>"; };
		05AA5CD72403DA1500D00EE5 /* GMUWrappingDictionaryKey.m */ = {isa = PBXFileReference; fileEncoding = 4; lastKnownFileType = sourcecode.c.objc; path = GMUWrappingDictionaryKey.m; sourceTree = "<group>"; };
		05AA5CD82403DA1500D00EE5 /* GMUSimpleClusterAlgorithm.m */ = {isa = PBXFileReference; fileEncoding = 4; lastKnownFileType = sourcecode.c.objc; path = GMUSimpleClusterAlgorithm.m; sourceTree = "<group>"; };
		05AA5CD92403DA1500D00EE5 /* GMUGridBasedClusterAlgorithm.h */ = {isa = PBXFileReference; fileEncoding = 4; lastKnownFileType = sourcecode.c.h; path = GMUGridBasedClusterAlgorithm.h; sourceTree = "<group>"; };
		05AA5CDA2403DA1500D00EE5 /* GMUNonHierarchicalDistanceBasedAlgorithm.m */ = {isa = PBXFileReference; fileEncoding = 4; lastKnownFileType = sourcecode.c.objc; path = GMUNonHierarchicalDistanceBasedAlgorithm.m; sourceTree = "<group>"; };
		05AA5CDB2403DA1500D00EE5 /* GMUSimpleClusterAlgorithm.h */ = {isa = PBXFileReference; fileEncoding = 4; lastKnownFileType = sourcecode.c.h; path = GMUSimpleClusterAlgorithm.h; sourceTree = "<group>"; };
		05AA5CDC2403DA1500D00EE5 /* GMUWrappingDictionaryKey.h */ = {isa = PBXFileReference; fileEncoding = 4; lastKnownFileType = sourcecode.c.h; path = GMUWrappingDictionaryKey.h; sourceTree = "<group>"; };
		05AA5CDD2403DA1500D00EE5 /* GMUClusterManager.h */ = {isa = PBXFileReference; fileEncoding = 4; lastKnownFileType = sourcecode.c.h; path = GMUClusterManager.h; sourceTree = "<group>"; };
		05AA5CDE2403DA1500D00EE5 /* GMUClusterManager+Testing.h */ = {isa = PBXFileReference; fileEncoding = 4; lastKnownFileType = sourcecode.c.h; path = "GMUClusterManager+Testing.h"; sourceTree = "<group>"; };
		05AA5CE02403DA1500D00EE5 /* GMUClusterIconGenerator.h */ = {isa = PBXFileReference; fileEncoding = 4; lastKnownFileType = sourcecode.c.h; path = GMUClusterIconGenerator.h; sourceTree = "<group>"; };
		05AA5CE12403DA1500D00EE5 /* GMUClusterRenderer.h */ = {isa = PBXFileReference; fileEncoding = 4; lastKnownFileType = sourcecode.c.h; path = GMUClusterRenderer.h; sourceTree = "<group>"; };
		05AA5CE22403DA1500D00EE5 /* GMUDefaultClusterRenderer+Testing.h */ = {isa = PBXFileReference; fileEncoding = 4; lastKnownFileType = sourcecode.c.h; path = "GMUDefaultClusterRenderer+Testing.h"; sourceTree = "<group>"; };
		05AA5CE32403DA1500D00EE5 /* GMUDefaultClusterRenderer.m */ = {isa = PBXFileReference; fileEncoding = 4; lastKnownFileType = sourcecode.c.objc; path = GMUDefaultClusterRenderer.m; sourceTree = "<group>"; };
		05AA5CE42403DA1500D00EE5 /* GMUDefaultClusterIconGenerator.h */ = {isa = PBXFileReference; fileEncoding = 4; lastKnownFileType = sourcecode.c.h; path = GMUDefaultClusterIconGenerator.h; sourceTree = "<group>"; };
		05AA5CE52403DA1500D00EE5 /* GMUDefaultClusterIconGenerator.m */ = {isa = PBXFileReference; fileEncoding = 4; lastKnownFileType = sourcecode.c.objc; path = GMUDefaultClusterIconGenerator.m; sourceTree = "<group>"; };
		05AA5CE62403DA1500D00EE5 /* GMUDefaultClusterRenderer.h */ = {isa = PBXFileReference; fileEncoding = 4; lastKnownFileType = sourcecode.c.h; path = GMUDefaultClusterRenderer.h; sourceTree = "<group>"; };
		05AA5CE72403DA1500D00EE5 /* GMUDefaultClusterIconGenerator+Testing.h */ = {isa = PBXFileReference; fileEncoding = 4; lastKnownFileType = sourcecode.c.h; path = "GMUDefaultClusterIconGenerator+Testing.h"; sourceTree = "<group>"; };
		05AA5CE82403DA1500D00EE5 /* GMUStaticCluster.m */ = {isa = PBXFileReference; fileEncoding = 4; lastKnownFileType = sourcecode.c.objc; path = GMUStaticCluster.m; sourceTree = "<group>"; };
		05AA5CE92403DA1500D00EE5 /* GMUCluster.h */ = {isa = PBXFileReference; fileEncoding = 4; lastKnownFileType = sourcecode.c.h; path = GMUCluster.h; sourceTree = "<group>"; };
		05AA5CEA2403DA1500D00EE5 /* GMUClusterItem.h */ = {isa = PBXFileReference; fileEncoding = 4; lastKnownFileType = sourcecode.c.h; path = GMUClusterItem.h; sourceTree = "<group>"; };
		05AA5CEC2403DA1500D00EE5 /* GMUGradient.h */ = {isa = PBXFileReference; fileEncoding = 4; lastKnownFileType = sourcecode.c.h; path = GMUGradient.h; sourceTree = "<group>"; };
		05AA5CED2403DA1500D00EE5 /* GMUWeightedLatLng.m */ = {isa = PBXFileReference; fileEncoding = 4; lastKnownFileType = sourcecode.c.objc; path = GMUWeightedLatLng.m; sourceTree = "<group>"; };
		05AA5CEE2403DA1500D00EE5 /* GMUHeatmapTileLayer.h */ = {isa = PBXFileReference; fileEncoding = 4; lastKnownFileType = sourcecode.c.h; path = GMUHeatmapTileLayer.h; sourceTree = "<group>"; };
		05AA5CEF2403DA1500D00EE5 /* GMUWeightedLatLng.h */ = {isa = PBXFileReference; fileEncoding = 4; lastKnownFileType = sourcecode.c.h; path = GMUWeightedLatLng.h; sourceTree = "<group>"; };
		05AA5CF02403DA1500D00EE5 /* GMUGradient.m */ = {isa = PBXFileReference; fileEncoding = 4; lastKnownFileType = sourcecode.c.objc; path = GMUGradient.m; sourceTree = "<group>"; };
		05AA5CF12403DA1500D00EE5 /* GMUHeatmapTileLayer.m */ = {isa = PBXFileReference; fileEncoding = 4; lastKnownFileType = sourcecode.c.objc; path = GMUHeatmapTileLayer.m; sourceTree = "<group>"; };
		05AA5CF32403DA1500D00EE5 /* GMUKMLParser.m */ = {isa = PBXFileReference; fileEncoding = 4; lastKnownFileType = sourcecode.c.objc; path = GMUKMLParser.m; sourceTree = "<group>"; };
		05AA5CF42403DA1500D00EE5 /* GMUGeometryRenderer.m */ = {isa = PBXFileReference; fileEncoding = 4; lastKnownFileType = sourcecode.c.objc; path = GMUGeometryRenderer.m; sourceTree = "<group>"; };
		05AA5CF52403DA1500D00EE5 /* GMUGeoJSONParser.h */ = {isa = PBXFileReference; fileEncoding = 4; lastKnownFileType = sourcecode.c.h; path = GMUGeoJSONParser.h; sourceTree = "<group>"; };
		05AA5CF72403DA1500D00EE5 /* GMUGeometryCollection.m */ = {isa = PBXFileReference; fileEncoding = 4; lastKnownFileType = sourcecode.c.objc; path = GMUGeometryCollection.m; sourceTree = "<group>"; };
		05AA5CF82403DA1500D00EE5 /* GMUPoint.h */ = {isa = PBXFileReference; fileEncoding = 4; lastKnownFileType = sourcecode.c.h; path = GMUPoint.h; sourceTree = "<group>"; };
		05AA5CF92403DA1500D00EE5 /* GMUStyle.h */ = {isa = PBXFileReference; fileEncoding = 4; lastKnownFileType = sourcecode.c.h; path = GMUStyle.h; sourceTree = "<group>"; };
		05AA5CFA2403DA1500D00EE5 /* GMUPlacemark.m */ = {isa = PBXFileReference; fileEncoding = 4; lastKnownFileType = sourcecode.c.objc; path = GMUPlacemark.m; sourceTree = "<group>"; };
		05AA5CFB2403DA1500D00EE5 /* GMUPolygon.m */ = {isa = PBXFileReference; fileEncoding = 4; lastKnownFileType = sourcecode.c.objc; path = GMUPolygon.m; sourceTree = "<group>"; };
		05AA5CFC2403DA1500D00EE5 /* GMUGeometryContainer.h */ = {isa = PBXFileReference; fileEncoding = 4; lastKnownFileType = sourcecode.c.h; path = GMUGeometryContainer.h; sourceTree = "<group>"; };
		05AA5CFD2403DA1500D00EE5 /* GMUFeature.m */ = {isa = PBXFileReference; fileEncoding = 4; lastKnownFileType = sourcecode.c.objc; path = GMUFeature.m; sourceTree = "<group>"; };
		05AA5CFE2403DA1500D00EE5 /* GMULineString.h */ = {isa = PBXFileReference; fileEncoding = 4; lastKnownFileType = sourcecode.c.h; path = GMULineString.h; sourceTree = "<group>"; };
		05AA5CFF2403DA1500D00EE5 /* GMUGroundOverlay.m */ = {isa = PBXFileReference; fileEncoding = 4; lastKnownFileType = sourcecode.c.objc; path = GMUGroundOverlay.m; sourceTree = "<group>"; };
		05AA5D002403DA1500D00EE5 /* GMUStyle.m */ = {isa = PBXFileReference; fileEncoding = 4; lastKnownFileType = sourcecode.c.objc; path = GMUStyle.m; sourceTree = "<group>"; };
		05AA5D012403DA1500D00EE5 /* GMUPoint.m */ = {isa = PBXFileReference; fileEncoding = 4; lastKnownFileType = sourcecode.c.objc; path = GMUPoint.m; sourceTree = "<group>"; };
		05AA5D022403DA1500D00EE5 /* GMUGeometry.h */ = {isa = PBXFileReference; fileEncoding = 4; lastKnownFileType = sourcecode.c.h; path = GMUGeometry.h; sourceTree = "<group>"; };
		05AA5D032403DA1500D00EE5 /* GMUGeometryCollection.h */ = {isa = PBXFileReference; fileEncoding = 4; lastKnownFileType = sourcecode.c.h; path = GMUGeometryCollection.h; sourceTree = "<group>"; };
		05AA5D042403DA1500D00EE5 /* GMUPolygon.h */ = {isa = PBXFileReference; fileEncoding = 4; lastKnownFileType = sourcecode.c.h; path = GMUPolygon.h; sourceTree = "<group>"; };
		05AA5D052403DA1500D00EE5 /* GMUPlacemark.h */ = {isa = PBXFileReference; fileEncoding = 4; lastKnownFileType = sourcecode.c.h; path = GMUPlacemark.h; sourceTree = "<group>"; };
		05AA5D062403DA1500D00EE5 /* GMUGroundOverlay.h */ = {isa = PBXFileReference; fileEncoding = 4; lastKnownFileType = sourcecode.c.h; path = GMUGroundOverlay.h; sourceTree = "<group>"; };
		05AA5D072403DA1500D00EE5 /* GMULineString.m */ = {isa = PBXFileReference; fileEncoding = 4; lastKnownFileType = sourcecode.c.objc; path = GMULineString.m; sourceTree = "<group>"; };
		05AA5D082403DA1500D00EE5 /* GMUFeature.h */ = {isa = PBXFileReference; fileEncoding = 4; lastKnownFileType = sourcecode.c.h; path = GMUFeature.h; sourceTree = "<group>"; };
		05AA5D092403DA1500D00EE5 /* GMUKMLParser.h */ = {isa = PBXFileReference; fileEncoding = 4; lastKnownFileType = sourcecode.c.h; path = GMUKMLParser.h; sourceTree = "<group>"; };
		05AA5D0A2403DA1500D00EE5 /* GMUGeometryRenderer+Testing.h */ = {isa = PBXFileReference; fileEncoding = 4; lastKnownFileType = sourcecode.c.h; path = "GMUGeometryRenderer+Testing.h"; sourceTree = "<group>"; };
		05AA5D0B2403DA1500D00EE5 /* GMUGeoJSONParser.m */ = {isa = PBXFileReference; fileEncoding = 4; lastKnownFileType = sourcecode.c.objc; path = GMUGeoJSONParser.m; sourceTree = "<group>"; };
		05AA5D0C2403DA1500D00EE5 /* GMUGeometryRenderer.h */ = {isa = PBXFileReference; fileEncoding = 4; lastKnownFileType = sourcecode.c.h; path = GMUGeometryRenderer.h; sourceTree = "<group>"; };
		05AA5D0E2403DA1500D00EE5 /* GQTPointQuadTree.m */ = {isa = PBXFileReference; fileEncoding = 4; lastKnownFileType = sourcecode.c.objc; path = GQTPointQuadTree.m; sourceTree = "<group>"; };
		05AA5D0F2403DA1500D00EE5 /* GQTPointQuadTreeItem.h */ = {isa = PBXFileReference; fileEncoding = 4; lastKnownFileType = sourcecode.c.h; path = GQTPointQuadTreeItem.h; sourceTree = "<group>"; };
		05AA5D102403DA1500D00EE5 /* GQTPointQuadTreeChild.m */ = {isa = PBXFileReference; fileEncoding = 4; lastKnownFileType = sourcecode.c.objc; path = GQTPointQuadTreeChild.m; sourceTree = "<group>"; };
		05AA5D112403DA1500D00EE5 /* GQTPoint.h */ = {isa = PBXFileReference; fileEncoding = 4; lastKnownFileType = sourcecode.c.h; path = GQTPoint.h; sourceTree = "<group>"; };
		05AA5D122403DA1500D00EE5 /* GQTPointQuadTree.h */ = {isa = PBXFileReference; fileEncoding = 4; lastKnownFileType = sourcecode.c.h; path = GQTPointQuadTree.h; sourceTree = "<group>"; };
		05AA5D132403DA1500D00EE5 /* GQTPointQuadTreeChild.h */ = {isa = PBXFileReference; fileEncoding = 4; lastKnownFileType = sourcecode.c.h; path = GQTPointQuadTreeChild.h; sourceTree = "<group>"; };
		05AA5D142403DA1500D00EE5 /* GQTBounds.h */ = {isa = PBXFileReference; fileEncoding = 4; lastKnownFileType = sourcecode.c.h; path = GQTBounds.h; sourceTree = "<group>"; };
		05AA5D2F2403DAA300D00EE5 /* GoogleSignInTest-Bridging-Header.h */ = {isa = PBXFileReference; lastKnownFileType = sourcecode.c.h; path = "GoogleSignInTest-Bridging-Header.h"; sourceTree = "<group>"; };
		05AA5D312403F01A00D00EE5 /* MapViewModel.swift */ = {isa = PBXFileReference; lastKnownFileType = sourcecode.swift; path = MapViewModel.swift; sourceTree = "<group>"; };
		05CB8C2623FFD61900A6C28E /* GoogleSignInTest.app */ = {isa = PBXFileReference; explicitFileType = wrapper.application; includeInIndex = 0; path = GoogleSignInTest.app; sourceTree = BUILT_PRODUCTS_DIR; };
		05CB8C2923FFD61900A6C28E /* AppDelegate.swift */ = {isa = PBXFileReference; lastKnownFileType = sourcecode.swift; path = AppDelegate.swift; sourceTree = "<group>"; };
		05CB8C2B23FFD61900A6C28E /* SceneDelegate.swift */ = {isa = PBXFileReference; lastKnownFileType = sourcecode.swift; path = SceneDelegate.swift; sourceTree = "<group>"; };
		05CB8C3423FFD61C00A6C28E /* Assets.xcassets */ = {isa = PBXFileReference; lastKnownFileType = folder.assetcatalog; path = Assets.xcassets; sourceTree = "<group>"; };
		05CB8C3723FFD61C00A6C28E /* Base */ = {isa = PBXFileReference; lastKnownFileType = file.storyboard; name = Base; path = Base.lproj/LaunchScreen.storyboard; sourceTree = "<group>"; };
		05CB8C3923FFD61C00A6C28E /* Info.plist */ = {isa = PBXFileReference; lastKnownFileType = text.plist.xml; path = Info.plist; sourceTree = "<group>"; };
		05CB8C4A23FFDF7B00A6C28E /* Storyboardable.swift */ = {isa = PBXFileReference; fileEncoding = 4; lastKnownFileType = sourcecode.swift; path = Storyboardable.swift; sourceTree = "<group>"; };
		05CB8C4C23FFDFA100A6C28E /* PrintExtensions.swift */ = {isa = PBXFileReference; fileEncoding = 4; lastKnownFileType = sourcecode.swift; path = PrintExtensions.swift; sourceTree = "<group>"; };
		05CB8C4E23FFE03B00A6C28E /* Array.swift */ = {isa = PBXFileReference; fileEncoding = 4; lastKnownFileType = sourcecode.swift; path = Array.swift; sourceTree = "<group>"; };
		05CB8C5023FFE04A00A6C28E /* UIView+Layers.swift */ = {isa = PBXFileReference; fileEncoding = 4; lastKnownFileType = sourcecode.swift; path = "UIView+Layers.swift"; sourceTree = "<group>"; };
		05CB8C5123FFE04A00A6C28E /* UITableView+Methods.swift */ = {isa = PBXFileReference; fileEncoding = 4; lastKnownFileType = sourcecode.swift; path = "UITableView+Methods.swift"; sourceTree = "<group>"; };
		05CB8C5423FFE08200A6C28E /* ReusableCell.swift */ = {isa = PBXFileReference; fileEncoding = 4; lastKnownFileType = sourcecode.swift; path = ReusableCell.swift; sourceTree = "<group>"; };
		05CB8C5723FFE31A00A6C28E /* AppCoordinator.swift */ = {isa = PBXFileReference; lastKnownFileType = sourcecode.swift; path = AppCoordinator.swift; sourceTree = "<group>"; };
		05D7E24724003D5400F5A6AA /* GoogleService-Info.plist */ = {isa = PBXFileReference; fileEncoding = 4; lastKnownFileType = text.plist.xml; path = "GoogleService-Info.plist"; sourceTree = "<group>"; };
		05D7E2492402D5B600F5A6AA /* Place.swift */ = {isa = PBXFileReference; lastKnownFileType = sourcecode.swift; path = Place.swift; sourceTree = "<group>"; };
		05E126992403158C00F4084F /* PlaceCell.swift */ = {isa = PBXFileReference; lastKnownFileType = sourcecode.swift; path = PlaceCell.swift; sourceTree = "<group>"; };
		05E1269A2403158C00F4084F /* PlaceCell.xib */ = {isa = PBXFileReference; lastKnownFileType = file.xib; path = PlaceCell.xib; sourceTree = "<group>"; };
		05E6AB63240307C100889EA8 /* PointsListViewModel.swift */ = {isa = PBXFileReference; lastKnownFileType = sourcecode.swift; path = PointsListViewModel.swift; sourceTree = "<group>"; };
		05E6AB65240310D500889EA8 /* AlertsManager.swift */ = {isa = PBXFileReference; lastKnownFileType = sourcecode.swift; path = AlertsManager.swift; sourceTree = "<group>"; };
		2AB0754B3D5F7EB1221B1971 /* Pods-GoogleSignInTest.release.xcconfig */ = {isa = PBXFileReference; includeInIndex = 1; lastKnownFileType = text.xcconfig; name = "Pods-GoogleSignInTest.release.xcconfig"; path = "Target Support Files/Pods-GoogleSignInTest/Pods-GoogleSignInTest.release.xcconfig"; sourceTree = "<group>"; };
		2F77B908BCE61226948C002B /* libPods-GoogleSignInTest.a */ = {isa = PBXFileReference; explicitFileType = archive.ar; includeInIndex = 0; path = "libPods-GoogleSignInTest.a"; sourceTree = BUILT_PRODUCTS_DIR; };
		F9ED9BD7474121F85C6CDACE /* Pods-GoogleSignInTest.debug.xcconfig */ = {isa = PBXFileReference; includeInIndex = 1; lastKnownFileType = text.xcconfig; name = "Pods-GoogleSignInTest.debug.xcconfig"; path = "Target Support Files/Pods-GoogleSignInTest/Pods-GoogleSignInTest.debug.xcconfig"; sourceTree = "<group>"; };
/* End PBXFileReference section */

/* Begin PBXFrameworksBuildPhase section */
		051166A4240001190024B9B7 /* Frameworks */ = {
			isa = PBXFrameworksBuildPhase;
			buildActionMask = 2147483647;
			files = (
			);
			runOnlyForDeploymentPostprocessing = 0;
		};
		05CB8C2323FFD61900A6C28E /* Frameworks */ = {
			isa = PBXFrameworksBuildPhase;
			buildActionMask = 2147483647;
			files = (
				478D3A6BF7C4616C8203D1BA /* libPods-GoogleSignInTest.a in Frameworks */,
			);
			runOnlyForDeploymentPostprocessing = 0;
		};
/* End PBXFrameworksBuildPhase section */

/* Begin PBXGroup section */
		0511669323FFF82B0024B9B7 /* Login */ = {
			isa = PBXGroup;
			children = (
				0511669523FFF8780024B9B7 /* LoginViewController.swift */,
			);
			path = Login;
			sourceTree = "<group>";
		};
		0511669423FFF8330024B9B7 /* TabbBarControllers */ = {
			isa = PBXGroup;
			children = (
				05E6AB62240307A100889EA8 /* PointsList */,
				05AA5D302403EFFF00D00EE5 /* Map */,
				0511669D23FFFA580024B9B7 /* ProfileViewController.swift */,
			);
			path = TabbBarControllers;
			sourceTree = "<group>";
		};
		051166A223FFFF8A0024B9B7 /* RootViewControllers */ = {
			isa = PBXGroup;
			children = (
				051166B1240002360024B9B7 /* TabbarVC.swift */,
			);
			path = RootViewControllers;
			sourceTree = "<group>";
		};
		051166A8240001190024B9B7 /* UnitTests */ = {
			isa = PBXGroup;
			children = (
				051166A9240001190024B9B7 /* StoryboardableTests.swift */,
				051166AB240001190024B9B7 /* Info.plist */,
			);
			path = UnitTests;
			sourceTree = "<group>";
		};
		05AA5CCA2403DA1500D00EE5 /* Libraries */ = {
			isa = PBXGroup;
			children = (
				05AA5CCB2403DA1500D00EE5 /* Google-Maps-iOS-Utils */,
			);
			path = Libraries;
			sourceTree = "<group>";
		};
		05AA5CCB2403DA1500D00EE5 /* Google-Maps-iOS-Utils */ = {
			isa = PBXGroup;
			children = (
				05AA5CCC2403DA1500D00EE5 /* LICENSE */,
				05AA5CCD2403DA1500D00EE5 /* README.md */,
				05AA5CCE2403DA1500D00EE5 /* src */,
			);
			path = "Google-Maps-iOS-Utils";
			sourceTree = "<group>";
		};
		05AA5CCE2403DA1500D00EE5 /* src */ = {
			isa = PBXGroup;
			children = (
				05AA5CCF2403DA1500D00EE5 /* Clustering */,
				05AA5CEB2403DA1500D00EE5 /* Heatmap */,
				05AA5CF22403DA1500D00EE5 /* Geometry */,
				05AA5D0D2403DA1500D00EE5 /* QuadTree */,
			);
			path = src;
			sourceTree = "<group>";
		};
		05AA5CCF2403DA1500D00EE5 /* Clustering */ = {
			isa = PBXGroup;
			children = (
				05AA5CD02403DA1500D00EE5 /* GMUClusterManager.m */,
				05AA5CD12403DA1500D00EE5 /* GMUStaticCluster.h */,
				05AA5CD22403DA1500D00EE5 /* GMUMarkerClustering.h */,
				05AA5CD32403DA1500D00EE5 /* Algo */,
				05AA5CDD2403DA1500D00EE5 /* GMUClusterManager.h */,
				05AA5CDE2403DA1500D00EE5 /* GMUClusterManager+Testing.h */,
				05AA5CDF2403DA1500D00EE5 /* View */,
				05AA5CE82403DA1500D00EE5 /* GMUStaticCluster.m */,
				05AA5CE92403DA1500D00EE5 /* GMUCluster.h */,
				05AA5CEA2403DA1500D00EE5 /* GMUClusterItem.h */,
			);
			path = Clustering;
			sourceTree = "<group>";
		};
		05AA5CD32403DA1500D00EE5 /* Algo */ = {
			isa = PBXGroup;
			children = (
				05AA5CD42403DA1500D00EE5 /* GMUGridBasedClusterAlgorithm.m */,
				05AA5CD52403DA1500D00EE5 /* GMUClusterAlgorithm.h */,
				05AA5CD62403DA1500D00EE5 /* GMUNonHierarchicalDistanceBasedAlgorithm.h */,
				05AA5CD72403DA1500D00EE5 /* GMUWrappingDictionaryKey.m */,
				05AA5CD82403DA1500D00EE5 /* GMUSimpleClusterAlgorithm.m */,
				05AA5CD92403DA1500D00EE5 /* GMUGridBasedClusterAlgorithm.h */,
				05AA5CDA2403DA1500D00EE5 /* GMUNonHierarchicalDistanceBasedAlgorithm.m */,
				05AA5CDB2403DA1500D00EE5 /* GMUSimpleClusterAlgorithm.h */,
				05AA5CDC2403DA1500D00EE5 /* GMUWrappingDictionaryKey.h */,
			);
			path = Algo;
			sourceTree = "<group>";
		};
		05AA5CDF2403DA1500D00EE5 /* View */ = {
			isa = PBXGroup;
			children = (
				05AA5CE02403DA1500D00EE5 /* GMUClusterIconGenerator.h */,
				05AA5CE12403DA1500D00EE5 /* GMUClusterRenderer.h */,
				05AA5CE22403DA1500D00EE5 /* GMUDefaultClusterRenderer+Testing.h */,
				05AA5CE32403DA1500D00EE5 /* GMUDefaultClusterRenderer.m */,
				05AA5CE42403DA1500D00EE5 /* GMUDefaultClusterIconGenerator.h */,
				05AA5CE52403DA1500D00EE5 /* GMUDefaultClusterIconGenerator.m */,
				05AA5CE62403DA1500D00EE5 /* GMUDefaultClusterRenderer.h */,
				05AA5CE72403DA1500D00EE5 /* GMUDefaultClusterIconGenerator+Testing.h */,
			);
			path = View;
			sourceTree = "<group>";
		};
		05AA5CEB2403DA1500D00EE5 /* Heatmap */ = {
			isa = PBXGroup;
			children = (
				05AA5CEC2403DA1500D00EE5 /* GMUGradient.h */,
				05AA5CED2403DA1500D00EE5 /* GMUWeightedLatLng.m */,
				05AA5CEE2403DA1500D00EE5 /* GMUHeatmapTileLayer.h */,
				05AA5CEF2403DA1500D00EE5 /* GMUWeightedLatLng.h */,
				05AA5CF02403DA1500D00EE5 /* GMUGradient.m */,
				05AA5CF12403DA1500D00EE5 /* GMUHeatmapTileLayer.m */,
			);
			path = Heatmap;
			sourceTree = "<group>";
		};
		05AA5CF22403DA1500D00EE5 /* Geometry */ = {
			isa = PBXGroup;
			children = (
				05AA5CF32403DA1500D00EE5 /* GMUKMLParser.m */,
				05AA5CF42403DA1500D00EE5 /* GMUGeometryRenderer.m */,
				05AA5CF52403DA1500D00EE5 /* GMUGeoJSONParser.h */,
				05AA5CF62403DA1500D00EE5 /* Model */,
				05AA5D092403DA1500D00EE5 /* GMUKMLParser.h */,
				05AA5D0A2403DA1500D00EE5 /* GMUGeometryRenderer+Testing.h */,
				05AA5D0B2403DA1500D00EE5 /* GMUGeoJSONParser.m */,
				05AA5D0C2403DA1500D00EE5 /* GMUGeometryRenderer.h */,
			);
			path = Geometry;
			sourceTree = "<group>";
		};
		05AA5CF62403DA1500D00EE5 /* Model */ = {
			isa = PBXGroup;
			children = (
				05AA5CF72403DA1500D00EE5 /* GMUGeometryCollection.m */,
				05AA5CF82403DA1500D00EE5 /* GMUPoint.h */,
				05AA5CF92403DA1500D00EE5 /* GMUStyle.h */,
				05AA5CFA2403DA1500D00EE5 /* GMUPlacemark.m */,
				05AA5CFB2403DA1500D00EE5 /* GMUPolygon.m */,
				05AA5CFC2403DA1500D00EE5 /* GMUGeometryContainer.h */,
				05AA5CFD2403DA1500D00EE5 /* GMUFeature.m */,
				05AA5CFE2403DA1500D00EE5 /* GMULineString.h */,
				05AA5CFF2403DA1500D00EE5 /* GMUGroundOverlay.m */,
				05AA5D002403DA1500D00EE5 /* GMUStyle.m */,
				05AA5D012403DA1500D00EE5 /* GMUPoint.m */,
				05AA5D022403DA1500D00EE5 /* GMUGeometry.h */,
				05AA5D032403DA1500D00EE5 /* GMUGeometryCollection.h */,
				05AA5D042403DA1500D00EE5 /* GMUPolygon.h */,
				05AA5D052403DA1500D00EE5 /* GMUPlacemark.h */,
				05AA5D062403DA1500D00EE5 /* GMUGroundOverlay.h */,
				05AA5D072403DA1500D00EE5 /* GMULineString.m */,
				05AA5D082403DA1500D00EE5 /* GMUFeature.h */,
			);
			path = Model;
			sourceTree = "<group>";
		};
		05AA5D0D2403DA1500D00EE5 /* QuadTree */ = {
			isa = PBXGroup;
			children = (
				05AA5D0E2403DA1500D00EE5 /* GQTPointQuadTree.m */,
				05AA5D0F2403DA1500D00EE5 /* GQTPointQuadTreeItem.h */,
				05AA5D102403DA1500D00EE5 /* GQTPointQuadTreeChild.m */,
				05AA5D112403DA1500D00EE5 /* GQTPoint.h */,
				05AA5D122403DA1500D00EE5 /* GQTPointQuadTree.h */,
				05AA5D132403DA1500D00EE5 /* GQTPointQuadTreeChild.h */,
				05AA5D142403DA1500D00EE5 /* GQTBounds.h */,
			);
			path = QuadTree;
			sourceTree = "<group>";
		};
		05AA5D302403EFFF00D00EE5 /* Map */ = {
			isa = PBXGroup;
			children = (
				05AA5D312403F01A00D00EE5 /* MapViewModel.swift */,
				0511669B23FFFA480024B9B7 /* MapViewController.swift */,
			);
			path = Map;
			sourceTree = "<group>";
		};
		05CB8C1D23FFD61900A6C28E = {
			isa = PBXGroup;
			children = (
				05CB8C2823FFD61900A6C28E /* GoogleSignInTest */,
				051166A8240001190024B9B7 /* UnitTests */,
				05CB8C2723FFD61900A6C28E /* Products */,
				9121CF20FE638DC160E87017 /* Pods */,
				3C8621EB708F427263F893DA /* Frameworks */,
			);
			sourceTree = "<group>";
		};
		05CB8C2723FFD61900A6C28E /* Products */ = {
			isa = PBXGroup;
			children = (
				05CB8C2623FFD61900A6C28E /* GoogleSignInTest.app */,
				051166A7240001190024B9B7 /* UnitTests.xctest */,
			);
			name = Products;
			sourceTree = "<group>";
		};
		05CB8C2823FFD61900A6C28E /* GoogleSignInTest */ = {
			isa = PBXGroup;
			children = (
				05CB8C4223FFD67F00A6C28E /* Classes */,
				05CB8C3F23FFD62900A6C28E /* Resources */,
			);
			path = GoogleSignInTest;
			sourceTree = "<group>";
		};
		05CB8C3F23FFD62900A6C28E /* Resources */ = {
			isa = PBXGroup;
			children = (
				05CB8C3423FFD61C00A6C28E /* Assets.xcassets */,
				05CB8C4123FFD64400A6C28E /* Plists */,
				05CB8C4023FFD63900A6C28E /* Storyboards */,
			);
			path = Resources;
			sourceTree = "<group>";
		};
		05CB8C4023FFD63900A6C28E /* Storyboards */ = {
			isa = PBXGroup;
			children = (
				05CB8C3623FFD61C00A6C28E /* LaunchScreen.storyboard */,
				0511669123FFF7DE0024B9B7 /* Login.storyboard */,
				051166A023FFFA8D0024B9B7 /* Tabbar.storyboard */,
			);
			path = Storyboards;
			sourceTree = "<group>";
		};
		05CB8C4123FFD64400A6C28E /* Plists */ = {
			isa = PBXGroup;
			children = (
				05D7E24724003D5400F5A6AA /* GoogleService-Info.plist */,
				05CB8C3923FFD61C00A6C28E /* Info.plist */,
			);
			path = Plists;
			sourceTree = "<group>";
		};
		05CB8C4223FFD67F00A6C28E /* Classes */ = {
			isa = PBXGroup;
			children = (
				05CB8C4323FFD68A00A6C28E /* App */,
				05CB8C4923FFD6E400A6C28E /* Managers */,
				05AA5CCA2403DA1500D00EE5 /* Libraries */,
				05CB8C4823FFD6DC00A6C28E /* Extensions */,
				05CB8C4723FFD6CE00A6C28E /* Protocols */,
				05CB8C4423FFD69F00A6C28E /* Models */,
				05CB8C4523FFD6A800A6C28E /* Views */,
				05CB8C4623FFD6B600A6C28E /* Controllers */,
			);
			path = Classes;
			sourceTree = "<group>";
		};
		05CB8C4323FFD68A00A6C28E /* App */ = {
			isa = PBXGroup;
			children = (
				05CB8C2923FFD61900A6C28E /* AppDelegate.swift */,
				05CB8C2B23FFD61900A6C28E /* SceneDelegate.swift */,
				05CB8C5723FFE31A00A6C28E /* AppCoordinator.swift */,
				05AA5D2F2403DAA300D00EE5 /* GoogleSignInTest-Bridging-Header.h */,
			);
			path = App;
			sourceTree = "<group>";
		};
		05CB8C4423FFD69F00A6C28E /* Models */ = {
			isa = PBXGroup;
			children = (
				05D7E2492402D5B600F5A6AA /* Place.swift */,
			);
			path = Models;
			sourceTree = "<group>";
		};
		05CB8C4523FFD6A800A6C28E /* Views */ = {
			isa = PBXGroup;
			children = (
				05E126962403152100F4084F /* Cells */,
			);
			path = Views;
			sourceTree = "<group>";
		};
		05CB8C4623FFD6B600A6C28E /* Controllers */ = {
			isa = PBXGroup;
			children = (
				051166A223FFFF8A0024B9B7 /* RootViewControllers */,
				0511669423FFF8330024B9B7 /* TabbBarControllers */,
				0511669323FFF82B0024B9B7 /* Login */,
			);
			path = Controllers;
			sourceTree = "<group>";
		};
		05CB8C4723FFD6CE00A6C28E /* Protocols */ = {
			isa = PBXGroup;
			children = (
				05CB8C4A23FFDF7B00A6C28E /* Storyboardable.swift */,
				05CB8C5423FFE08200A6C28E /* ReusableCell.swift */,
			);
			path = Protocols;
			sourceTree = "<group>";
		};
		05CB8C4823FFD6DC00A6C28E /* Extensions */ = {
			isa = PBXGroup;
			children = (
				05CB8C4C23FFDFA100A6C28E /* PrintExtensions.swift */,
				05CB8C4E23FFE03B00A6C28E /* Array.swift */,
				05CB8C5123FFE04A00A6C28E /* UITableView+Methods.swift */,
				05CB8C5023FFE04A00A6C28E /* UIView+Layers.swift */,
			);
			path = Extensions;
			sourceTree = "<group>";
		};
		05CB8C4923FFD6E400A6C28E /* Managers */ = {
			isa = PBXGroup;
			children = (
				051166B3240008F10024B9B7 /* AuthorizationManager.swift */,
				05E6AB65240310D500889EA8 /* AlertsManager.swift */,
			);
			path = Managers;
			sourceTree = "<group>";
		};
		05E126962403152100F4084F /* Cells */ = {
			isa = PBXGroup;
			children = (
				05E126992403158C00F4084F /* PlaceCell.swift */,
				05E1269A2403158C00F4084F /* PlaceCell.xib */,
			);
			path = Cells;
			sourceTree = "<group>";
		};
		05E6AB62240307A100889EA8 /* PointsList */ = {
			isa = PBXGroup;
			children = (
				05E6AB63240307C100889EA8 /* PointsListViewModel.swift */,
				0511669923FFFA380024B9B7 /* PointsListViewController.swift */,
			);
			path = PointsList;
			sourceTree = "<group>";
		};
		3C8621EB708F427263F893DA /* Frameworks */ = {
			isa = PBXGroup;
			children = (
				2F77B908BCE61226948C002B /* libPods-GoogleSignInTest.a */,
			);
			name = Frameworks;
			sourceTree = "<group>";
		};
		9121CF20FE638DC160E87017 /* Pods */ = {
			isa = PBXGroup;
			children = (
				F9ED9BD7474121F85C6CDACE /* Pods-GoogleSignInTest.debug.xcconfig */,
				2AB0754B3D5F7EB1221B1971 /* Pods-GoogleSignInTest.release.xcconfig */,
			);
			path = Pods;
			sourceTree = "<group>";
		};
/* End PBXGroup section */

/* Begin PBXNativeTarget section */
		051166A6240001190024B9B7 /* UnitTests */ = {
			isa = PBXNativeTarget;
			buildConfigurationList = 051166AE240001190024B9B7 /* Build configuration list for PBXNativeTarget "UnitTests" */;
			buildPhases = (
				051166A3240001190024B9B7 /* Sources */,
				051166A4240001190024B9B7 /* Frameworks */,
				051166A5240001190024B9B7 /* Resources */,
			);
			buildRules = (
			);
			dependencies = (
				051166AD240001190024B9B7 /* PBXTargetDependency */,
			);
			name = UnitTests;
			productName = UnitTests;
			productReference = 051166A7240001190024B9B7 /* UnitTests.xctest */;
			productType = "com.apple.product-type.bundle.unit-test";
		};
		05CB8C2523FFD61900A6C28E /* GoogleSignInTest */ = {
			isa = PBXNativeTarget;
			buildConfigurationList = 05CB8C3C23FFD61C00A6C28E /* Build configuration list for PBXNativeTarget "GoogleSignInTest" */;
			buildPhases = (
				6427218EAF74C90B50D1D2B2 /* [CP] Check Pods Manifest.lock */,
				05CB8C2223FFD61900A6C28E /* Sources */,
				05CB8C2323FFD61900A6C28E /* Frameworks */,
				05CB8C2423FFD61900A6C28E /* Resources */,
				06C1788CAEA2A3331B25CEE1 /* [CP] Copy Pods Resources */,
			);
			buildRules = (
			);
			dependencies = (
			);
			name = GoogleSignInTest;
			productName = GoogleSignInTest;
			productReference = 05CB8C2623FFD61900A6C28E /* GoogleSignInTest.app */;
			productType = "com.apple.product-type.application";
		};
/* End PBXNativeTarget section */

/* Begin PBXProject section */
		05CB8C1E23FFD61900A6C28E /* Project object */ = {
			isa = PBXProject;
			attributes = {
				LastSwiftUpdateCheck = 1130;
				LastUpgradeCheck = 1130;
				ORGANIZATIONNAME = "Roman Rybachenko";
				TargetAttributes = {
					051166A6240001190024B9B7 = {
						CreatedOnToolsVersion = 11.3.1;
						TestTargetID = 05CB8C2523FFD61900A6C28E;
					};
					05CB8C2523FFD61900A6C28E = {
						CreatedOnToolsVersion = 11.3.1;
					};
				};
			};
			buildConfigurationList = 05CB8C2123FFD61900A6C28E /* Build configuration list for PBXProject "GoogleSignInTest" */;
			compatibilityVersion = "Xcode 9.3";
			developmentRegion = en;
			hasScannedForEncodings = 0;
			knownRegions = (
				en,
				Base,
			);
			mainGroup = 05CB8C1D23FFD61900A6C28E;
			productRefGroup = 05CB8C2723FFD61900A6C28E /* Products */;
			projectDirPath = "";
			projectRoot = "";
			targets = (
				05CB8C2523FFD61900A6C28E /* GoogleSignInTest */,
				051166A6240001190024B9B7 /* UnitTests */,
			);
		};
/* End PBXProject section */

/* Begin PBXResourcesBuildPhase section */
		051166A5240001190024B9B7 /* Resources */ = {
			isa = PBXResourcesBuildPhase;
			buildActionMask = 2147483647;
			files = (
			);
			runOnlyForDeploymentPostprocessing = 0;
		};
		05CB8C2423FFD61900A6C28E /* Resources */ = {
			isa = PBXResourcesBuildPhase;
			buildActionMask = 2147483647;
			files = (
				051166A123FFFA8D0024B9B7 /* Tabbar.storyboard in Resources */,
				0511669223FFF7DE0024B9B7 /* Login.storyboard in Resources */,
				05D7E24824003D5400F5A6AA /* GoogleService-Info.plist in Resources */,
				05AA5D152403DA1500D00EE5 /* LICENSE in Resources */,
				05E1269C2403158C00F4084F /* PlaceCell.xib in Resources */,
				05CB8C3823FFD61C00A6C28E /* LaunchScreen.storyboard in Resources */,
				05AA5D162403DA1500D00EE5 /* README.md in Resources */,
				05CB8C3523FFD61C00A6C28E /* Assets.xcassets in Resources */,
			);
			runOnlyForDeploymentPostprocessing = 0;
		};
/* End PBXResourcesBuildPhase section */

/* Begin PBXShellScriptBuildPhase section */
		06C1788CAEA2A3331B25CEE1 /* [CP] Copy Pods Resources */ = {
			isa = PBXShellScriptBuildPhase;
			buildActionMask = 2147483647;
			files = (
			);
			inputFileListPaths = (
				"${PODS_ROOT}/Target Support Files/Pods-GoogleSignInTest/Pods-GoogleSignInTest-resources-${CONFIGURATION}-input-files.xcfilelist",
			);
			name = "[CP] Copy Pods Resources";
			outputFileListPaths = (
				"${PODS_ROOT}/Target Support Files/Pods-GoogleSignInTest/Pods-GoogleSignInTest-resources-${CONFIGURATION}-output-files.xcfilelist",
			);
			runOnlyForDeploymentPostprocessing = 0;
			shellPath = /bin/sh;
			shellScript = "\"${PODS_ROOT}/Target Support Files/Pods-GoogleSignInTest/Pods-GoogleSignInTest-resources.sh\"\n";
			showEnvVarsInLog = 0;
		};
		6427218EAF74C90B50D1D2B2 /* [CP] Check Pods Manifest.lock */ = {
			isa = PBXShellScriptBuildPhase;
			buildActionMask = 2147483647;
			files = (
			);
			inputFileListPaths = (
			);
			inputPaths = (
				"${PODS_PODFILE_DIR_PATH}/Podfile.lock",
				"${PODS_ROOT}/Manifest.lock",
			);
			name = "[CP] Check Pods Manifest.lock";
			outputFileListPaths = (
			);
			outputPaths = (
				"$(DERIVED_FILE_DIR)/Pods-GoogleSignInTest-checkManifestLockResult.txt",
			);
			runOnlyForDeploymentPostprocessing = 0;
			shellPath = /bin/sh;
			shellScript = "diff \"${PODS_PODFILE_DIR_PATH}/Podfile.lock\" \"${PODS_ROOT}/Manifest.lock\" > /dev/null\nif [ $? != 0 ] ; then\n    # print error to STDERR\n    echo \"error: The sandbox is not in sync with the Podfile.lock. Run 'pod install' or update your CocoaPods installation.\" >&2\n    exit 1\nfi\n# This output is used by Xcode 'outputs' to avoid re-running this script phase.\necho \"SUCCESS\" > \"${SCRIPT_OUTPUT_FILE_0}\"\n";
			showEnvVarsInLog = 0;
		};
/* End PBXShellScriptBuildPhase section */

/* Begin PBXSourcesBuildPhase section */
		051166A3240001190024B9B7 /* Sources */ = {
			isa = PBXSourcesBuildPhase;
			buildActionMask = 2147483647;
			files = (
				051166AA240001190024B9B7 /* StoryboardableTests.swift in Sources */,
			);
			runOnlyForDeploymentPostprocessing = 0;
		};
		05CB8C2223FFD61900A6C28E /* Sources */ = {
			isa = PBXSourcesBuildPhase;
			buildActionMask = 2147483647;
			files = (
				0511669623FFF8780024B9B7 /* LoginViewController.swift in Sources */,
				05AA5D2C2403DA1500D00EE5 /* GMUGeoJSONParser.m in Sources */,
				05E6AB64240307C100889EA8 /* PointsListViewModel.swift in Sources */,
				051166B4240008F10024B9B7 /* AuthorizationManager.swift in Sources */,
				05AA5D202403DA1500D00EE5 /* GMUGradient.m in Sources */,
				05CB8C5823FFE31A00A6C28E /* AppCoordinator.swift in Sources */,
				05AA5D1C2403DA1500D00EE5 /* GMUDefaultClusterRenderer.m in Sources */,
				05CB8C5523FFE08200A6C28E /* ReusableCell.swift in Sources */,
				05AA5D192403DA1500D00EE5 /* GMUWrappingDictionaryKey.m in Sources */,
				05AA5D272403DA1500D00EE5 /* GMUFeature.m in Sources */,
				05AA5D2A2403DA1500D00EE5 /* GMUPoint.m in Sources */,
				05AA5D2E2403DA1500D00EE5 /* GQTPointQuadTreeChild.m in Sources */,
				05AA5D212403DA1500D00EE5 /* GMUHeatmapTileLayer.m in Sources */,
				0511669A23FFFA380024B9B7 /* PointsListViewController.swift in Sources */,
				05AA5D282403DA1500D00EE5 /* GMUGroundOverlay.m in Sources */,
				0511669E23FFFA580024B9B7 /* ProfileViewController.swift in Sources */,
				051166B2240002360024B9B7 /* TabbarVC.swift in Sources */,
				05AA5D1B2403DA1500D00EE5 /* GMUNonHierarchicalDistanceBasedAlgorithm.m in Sources */,
				05AA5D172403DA1500D00EE5 /* GMUClusterManager.m in Sources */,
				05CB8C5223FFE04B00A6C28E /* UIView+Layers.swift in Sources */,
				05AA5D2B2403DA1500D00EE5 /* GMULineString.m in Sources */,
				05AA5D182403DA1500D00EE5 /* GMUGridBasedClusterAlgorithm.m in Sources */,
				05AA5D1F2403DA1500D00EE5 /* GMUWeightedLatLng.m in Sources */,
				05AA5D292403DA1500D00EE5 /* GMUStyle.m in Sources */,
				05CB8C4F23FFE03B00A6C28E /* Array.swift in Sources */,
				05AA5D1A2403DA1500D00EE5 /* GMUSimpleClusterAlgorithm.m in Sources */,
				05CB8C2A23FFD61900A6C28E /* AppDelegate.swift in Sources */,
				05AA5D242403DA1500D00EE5 /* GMUGeometryCollection.m in Sources */,
				05CB8C4D23FFDFA100A6C28E /* PrintExtensions.swift in Sources */,
				05D7E24A2402D5B600F5A6AA /* Place.swift in Sources */,
				05CB8C5323FFE04B00A6C28E /* UITableView+Methods.swift in Sources */,
				05AA5D2D2403DA1500D00EE5 /* GQTPointQuadTree.m in Sources */,
				05E1269B2403158C00F4084F /* PlaceCell.swift in Sources */,
				05E6AB66240310D500889EA8 /* AlertsManager.swift in Sources */,
				05AA5D252403DA1500D00EE5 /* GMUPlacemark.m in Sources */,
				05AA5D1E2403DA1500D00EE5 /* GMUStaticCluster.m in Sources */,
				05CB8C4B23FFDF7B00A6C28E /* Storyboardable.swift in Sources */,
				0511669C23FFFA480024B9B7 /* MapViewController.swift in Sources */,
				05AA5D232403DA1500D00EE5 /* GMUGeometryRenderer.m in Sources */,
				05AA5D322403F01A00D00EE5 /* MapViewModel.swift in Sources */,
				05AA5D222403DA1500D00EE5 /* GMUKMLParser.m in Sources */,
				05AA5D262403DA1500D00EE5 /* GMUPolygon.m in Sources */,
				05AA5D1D2403DA1500D00EE5 /* GMUDefaultClusterIconGenerator.m in Sources */,
				05CB8C2C23FFD61900A6C28E /* SceneDelegate.swift in Sources */,
			);
			runOnlyForDeploymentPostprocessing = 0;
		};
/* End PBXSourcesBuildPhase section */

/* Begin PBXTargetDependency section */
		051166AD240001190024B9B7 /* PBXTargetDependency */ = {
			isa = PBXTargetDependency;
			target = 05CB8C2523FFD61900A6C28E /* GoogleSignInTest */;
			targetProxy = 051166AC240001190024B9B7 /* PBXContainerItemProxy */;
		};
/* End PBXTargetDependency section */

/* Begin PBXVariantGroup section */
		05CB8C3623FFD61C00A6C28E /* LaunchScreen.storyboard */ = {
			isa = PBXVariantGroup;
			children = (
				05CB8C3723FFD61C00A6C28E /* Base */,
			);
			name = LaunchScreen.storyboard;
			sourceTree = "<group>";
		};
/* End PBXVariantGroup section */

/* Begin XCBuildConfiguration section */
		051166AF240001190024B9B7 /* Debug */ = {
			isa = XCBuildConfiguration;
			buildSettings = {
				BUNDLE_LOADER = "$(TEST_HOST)";
				CODE_SIGN_STYLE = Automatic;
				DEVELOPMENT_TEAM = UHJFHS6M7R;
				INFOPLIST_FILE = UnitTests/Info.plist;
				LD_RUNPATH_SEARCH_PATHS = (
					"$(inherited)",
					"@executable_path/Frameworks",
					"@loader_path/Frameworks",
				);
				PRODUCT_BUNDLE_IDENTIFIER = com.rrybachenko.UnitTests;
				PRODUCT_NAME = "$(TARGET_NAME)";
				SWIFT_VERSION = 5.0;
				TARGETED_DEVICE_FAMILY = "1,2";
				TEST_HOST = "$(BUILT_PRODUCTS_DIR)/GoogleSignInTest.app/GoogleSignInTest";
			};
			name = Debug;
		};
		051166B0240001190024B9B7 /* Release */ = {
			isa = XCBuildConfiguration;
			buildSettings = {
				BUNDLE_LOADER = "$(TEST_HOST)";
				CODE_SIGN_STYLE = Automatic;
				DEVELOPMENT_TEAM = UHJFHS6M7R;
				INFOPLIST_FILE = UnitTests/Info.plist;
				LD_RUNPATH_SEARCH_PATHS = (
					"$(inherited)",
					"@executable_path/Frameworks",
					"@loader_path/Frameworks",
				);
				PRODUCT_BUNDLE_IDENTIFIER = com.rrybachenko.UnitTests;
				PRODUCT_NAME = "$(TARGET_NAME)";
				SWIFT_VERSION = 5.0;
				TARGETED_DEVICE_FAMILY = "1,2";
				TEST_HOST = "$(BUILT_PRODUCTS_DIR)/GoogleSignInTest.app/GoogleSignInTest";
			};
			name = Release;
		};
		05CB8C3A23FFD61C00A6C28E /* Debug */ = {
			isa = XCBuildConfiguration;
			buildSettings = {
				ALWAYS_SEARCH_USER_PATHS = NO;
				CLANG_ANALYZER_NONNULL = YES;
				CLANG_ANALYZER_NUMBER_OBJECT_CONVERSION = YES_AGGRESSIVE;
				CLANG_CXX_LANGUAGE_STANDARD = "gnu++14";
				CLANG_CXX_LIBRARY = "libc++";
				CLANG_ENABLE_MODULES = YES;
				CLANG_ENABLE_OBJC_ARC = YES;
				CLANG_ENABLE_OBJC_WEAK = YES;
				CLANG_WARN_BLOCK_CAPTURE_AUTORELEASING = YES;
				CLANG_WARN_BOOL_CONVERSION = YES;
				CLANG_WARN_COMMA = YES;
				CLANG_WARN_CONSTANT_CONVERSION = YES;
				CLANG_WARN_DEPRECATED_OBJC_IMPLEMENTATIONS = YES;
				CLANG_WARN_DIRECT_OBJC_ISA_USAGE = YES_ERROR;
				CLANG_WARN_DOCUMENTATION_COMMENTS = YES;
				CLANG_WARN_EMPTY_BODY = YES;
				CLANG_WARN_ENUM_CONVERSION = YES;
				CLANG_WARN_INFINITE_RECURSION = YES;
				CLANG_WARN_INT_CONVERSION = YES;
				CLANG_WARN_NON_LITERAL_NULL_CONVERSION = YES;
				CLANG_WARN_OBJC_IMPLICIT_RETAIN_SELF = YES;
				CLANG_WARN_OBJC_LITERAL_CONVERSION = YES;
				CLANG_WARN_OBJC_ROOT_CLASS = YES_ERROR;
				CLANG_WARN_RANGE_LOOP_ANALYSIS = YES;
				CLANG_WARN_STRICT_PROTOTYPES = YES;
				CLANG_WARN_SUSPICIOUS_MOVE = YES;
				CLANG_WARN_UNGUARDED_AVAILABILITY = YES_AGGRESSIVE;
				CLANG_WARN_UNREACHABLE_CODE = YES;
				CLANG_WARN__DUPLICATE_METHOD_MATCH = YES;
				COPY_PHASE_STRIP = NO;
				DEBUG_INFORMATION_FORMAT = dwarf;
				ENABLE_STRICT_OBJC_MSGSEND = YES;
				ENABLE_TESTABILITY = YES;
				GCC_C_LANGUAGE_STANDARD = gnu11;
				GCC_DYNAMIC_NO_PIC = NO;
				GCC_NO_COMMON_BLOCKS = YES;
				GCC_OPTIMIZATION_LEVEL = 0;
				GCC_PREPROCESSOR_DEFINITIONS = (
					"DEBUG=1",
					"$(inherited)",
				);
				GCC_WARN_64_TO_32_BIT_CONVERSION = YES;
				GCC_WARN_ABOUT_RETURN_TYPE = YES_ERROR;
				GCC_WARN_UNDECLARED_SELECTOR = YES;
				GCC_WARN_UNINITIALIZED_AUTOS = YES_AGGRESSIVE;
				GCC_WARN_UNUSED_FUNCTION = YES;
				GCC_WARN_UNUSED_VARIABLE = YES;
				IPHONEOS_DEPLOYMENT_TARGET = 13.2;
				MTL_ENABLE_DEBUG_INFO = INCLUDE_SOURCE;
				MTL_FAST_MATH = YES;
				ONLY_ACTIVE_ARCH = YES;
				SDKROOT = iphoneos;
				SWIFT_ACTIVE_COMPILATION_CONDITIONS = DEBUG;
				SWIFT_OPTIMIZATION_LEVEL = "-Onone";
			};
			name = Debug;
		};
		05CB8C3B23FFD61C00A6C28E /* Release */ = {
			isa = XCBuildConfiguration;
			buildSettings = {
				ALWAYS_SEARCH_USER_PATHS = NO;
				CLANG_ANALYZER_NONNULL = YES;
				CLANG_ANALYZER_NUMBER_OBJECT_CONVERSION = YES_AGGRESSIVE;
				CLANG_CXX_LANGUAGE_STANDARD = "gnu++14";
				CLANG_CXX_LIBRARY = "libc++";
				CLANG_ENABLE_MODULES = YES;
				CLANG_ENABLE_OBJC_ARC = YES;
				CLANG_ENABLE_OBJC_WEAK = YES;
				CLANG_WARN_BLOCK_CAPTURE_AUTORELEASING = YES;
				CLANG_WARN_BOOL_CONVERSION = YES;
				CLANG_WARN_COMMA = YES;
				CLANG_WARN_CONSTANT_CONVERSION = YES;
				CLANG_WARN_DEPRECATED_OBJC_IMPLEMENTATIONS = YES;
				CLANG_WARN_DIRECT_OBJC_ISA_USAGE = YES_ERROR;
				CLANG_WARN_DOCUMENTATION_COMMENTS = YES;
				CLANG_WARN_EMPTY_BODY = YES;
				CLANG_WARN_ENUM_CONVERSION = YES;
				CLANG_WARN_INFINITE_RECURSION = YES;
				CLANG_WARN_INT_CONVERSION = YES;
				CLANG_WARN_NON_LITERAL_NULL_CONVERSION = YES;
				CLANG_WARN_OBJC_IMPLICIT_RETAIN_SELF = YES;
				CLANG_WARN_OBJC_LITERAL_CONVERSION = YES;
				CLANG_WARN_OBJC_ROOT_CLASS = YES_ERROR;
				CLANG_WARN_RANGE_LOOP_ANALYSIS = YES;
				CLANG_WARN_STRICT_PROTOTYPES = YES;
				CLANG_WARN_SUSPICIOUS_MOVE = YES;
				CLANG_WARN_UNGUARDED_AVAILABILITY = YES_AGGRESSIVE;
				CLANG_WARN_UNREACHABLE_CODE = YES;
				CLANG_WARN__DUPLICATE_METHOD_MATCH = YES;
				COPY_PHASE_STRIP = NO;
				DEBUG_INFORMATION_FORMAT = "dwarf-with-dsym";
				ENABLE_NS_ASSERTIONS = NO;
				ENABLE_STRICT_OBJC_MSGSEND = YES;
				GCC_C_LANGUAGE_STANDARD = gnu11;
				GCC_NO_COMMON_BLOCKS = YES;
				GCC_WARN_64_TO_32_BIT_CONVERSION = YES;
				GCC_WARN_ABOUT_RETURN_TYPE = YES_ERROR;
				GCC_WARN_UNDECLARED_SELECTOR = YES;
				GCC_WARN_UNINITIALIZED_AUTOS = YES_AGGRESSIVE;
				GCC_WARN_UNUSED_FUNCTION = YES;
				GCC_WARN_UNUSED_VARIABLE = YES;
				IPHONEOS_DEPLOYMENT_TARGET = 13.2;
				MTL_ENABLE_DEBUG_INFO = NO;
				MTL_FAST_MATH = YES;
				SDKROOT = iphoneos;
				SWIFT_COMPILATION_MODE = wholemodule;
				SWIFT_OPTIMIZATION_LEVEL = "-O";
				VALIDATE_PRODUCT = YES;
			};
			name = Release;
		};
		05CB8C3D23FFD61C00A6C28E /* Debug */ = {
			isa = XCBuildConfiguration;
			baseConfigurationReference = F9ED9BD7474121F85C6CDACE /* Pods-GoogleSignInTest.debug.xcconfig */;
			buildSettings = {
				ASSETCATALOG_COMPILER_APPICON_NAME = AppIcon;
				CODE_SIGN_STYLE = Automatic;
				DEVELOPMENT_TEAM = UHJFHS6M7R;
				INFOPLIST_FILE = GoogleSignInTest/Resources/Plists/Info.plist;
				LD_RUNPATH_SEARCH_PATHS = (
					"$(inherited)",
					"@executable_path/Frameworks",
				);
				PRODUCT_BUNDLE_IDENTIFIER = com.rrybachenko.GoogleSignInTest;
				PRODUCT_NAME = "$(TARGET_NAME)";
				SWIFT_OBJC_BRIDGING_HEADER = "GoogleSignInTest/Classes/App/GoogleSignInTest-Bridging-Header.h";
				SWIFT_VERSION = 5.0;
				TARGETED_DEVICE_FAMILY = 1;
			};
			name = Debug;
		};
		05CB8C3E23FFD61C00A6C28E /* Release */ = {
			isa = XCBuildConfiguration;
			baseConfigurationReference = 2AB0754B3D5F7EB1221B1971 /* Pods-GoogleSignInTest.release.xcconfig */;
			buildSettings = {
				ASSETCATALOG_COMPILER_APPICON_NAME = AppIcon;
				CODE_SIGN_STYLE = Automatic;
				DEVELOPMENT_TEAM = UHJFHS6M7R;
				INFOPLIST_FILE = GoogleSignInTest/Resources/Plists/Info.plist;
				LD_RUNPATH_SEARCH_PATHS = (
					"$(inherited)",
					"@executable_path/Frameworks",
				);
				PRODUCT_BUNDLE_IDENTIFIER = com.rrybachenko.GoogleSignInTest;
				PRODUCT_NAME = "$(TARGET_NAME)";
				SWIFT_OBJC_BRIDGING_HEADER = "GoogleSignInTest/Classes/App/GoogleSignInTest-Bridging-Header.h";
				SWIFT_VERSION = 5.0;
				TARGETED_DEVICE_FAMILY = 1;
			};
			name = Release;
		};
/* End XCBuildConfiguration section */

/* Begin XCConfigurationList section */
		051166AE240001190024B9B7 /* Build configuration list for PBXNativeTarget "UnitTests" */ = {
			isa = XCConfigurationList;
			buildConfigurations = (
				051166AF240001190024B9B7 /* Debug */,
				051166B0240001190024B9B7 /* Release */,
			);
			defaultConfigurationIsVisible = 0;
			defaultConfigurationName = Release;
		};
		05CB8C2123FFD61900A6C28E /* Build configuration list for PBXProject "GoogleSignInTest" */ = {
			isa = XCConfigurationList;
			buildConfigurations = (
				05CB8C3A23FFD61C00A6C28E /* Debug */,
				05CB8C3B23FFD61C00A6C28E /* Release */,
			);
			defaultConfigurationIsVisible = 0;
			defaultConfigurationName = Release;
		};
		05CB8C3C23FFD61C00A6C28E /* Build configuration list for PBXNativeTarget "GoogleSignInTest" */ = {
			isa = XCConfigurationList;
			buildConfigurations = (
				05CB8C3D23FFD61C00A6C28E /* Debug */,
				05CB8C3E23FFD61C00A6C28E /* Release */,
			);
			defaultConfigurationIsVisible = 0;
			defaultConfigurationName = Release;
		};
/* End XCConfigurationList section */
	};
	rootObject = 05CB8C1E23FFD61900A6C28E /* Project object */;
}
